
Microsoft Visual Studio Solution File, Format Version 12.00
# Visual Studio Version 16
VisualStudioVersion = 16.0.30011.22
MinimumVisualStudioVersion = 10.0.40219.1
Project("{FAE04EC0-301F-11D3-BF4B-00C04F79EFBC}") = "testApp.Android", "testApp\testApp.Android\testApp.Android.csproj", "{2D4F03BD-1584-4E87-AA13-05E8001F274C}"
EndProject
Project("{FAE04EC0-301F-11D3-BF4B-00C04F79EFBC}") = "testApp.iOS", "testApp\testApp.iOS\testApp.iOS.csproj", "{BF196504-799E-40C6-8C08-3B1B440F6D1F}"
EndProject
Project("{FAE04EC0-301F-11D3-BF4B-00C04F79EFBC}") = "testApp", "testApp\testApp\testApp.csproj", "{9C04BCA0-A8C9-46E2-B123-A879D2D779C9}"
EndProject
Global
	GlobalSection(SolutionConfigurationPlatforms) = preSolution
		Debug|Any CPU = Debug|Any CPU
		Debug|iPhone = Debug|iPhone
		Debug|iPhoneSimulator = Debug|iPhoneSimulator
		Release|Any CPU = Release|Any CPU
		Release|iPhone = Release|iPhone
		Release|iPhoneSimulator = Release|iPhoneSimulator
	EndGlobalSection
	GlobalSection(ProjectConfigurationPlatforms) = postSolution
		{2D4F03BD-1584-4E87-AA13-05E8001F274C}.Debug|Any CPU.ActiveCfg = Debug|Any CPU
		{2D4F03BD-1584-4E87-AA13-05E8001F274C}.Debug|Any CPU.Build.0 = Debug|Any CPU
		{2D4F03BD-1584-4E87-AA13-05E8001F274C}.Debug|Any CPU.Deploy.0 = Debug|Any CPU
		{2D4F03BD-1584-4E87-AA13-05E8001F274C}.Debug|iPhone.ActiveCfg = Debug|Any CPU
		{2D4F03BD-1584-4E87-AA13-05E8001F274C}.Debug|iPhone.Build.0 = Debug|Any CPU
		{2D4F03BD-1584-4E87-AA13-05E8001F274C}.Debug|iPhone.Deploy.0 = Debug|Any CPU
		{2D4F03BD-1584-4E87-AA13-05E8001F274C}.Debug|iPhoneSimulator.ActiveCfg = Debug|Any CPU
		{2D4F03BD-1584-4E87-AA13-05E8001F274C}.Debug|iPhoneSimulator.Build.0 = Debug|Any CPU
		{2D4F03BD-1584-4E87-AA13-05E8001F274C}.Debug|iPhoneSimulator.Deploy.0 = Debug|Any CPU
		{2D4F03BD-1584-4E87-AA13-05E8001F274C}.Release|Any CPU.ActiveCfg = Release|Any CPU
		{2D4F03BD-1584-4E87-AA13-05E8001F274C}.Release|Any CPU.Build.0 = Release|Any CPU
		{2D4F03BD-1584-4E87-AA13-05E8001F274C}.Release|Any CPU.Deploy.0 = Release|Any CPU
		{2D4F03BD-1584-4E87-AA13-05E8001F274C}.Release|iPhone.ActiveCfg = Release|Any CPU
		{2D4F03BD-1584-4E87-AA13-05E8001F274C}.Release|iPhone.Build.0 = Release|Any CPU
		{2D4F03BD-1584-4E87-AA13-05E8001F274C}.Release|iPhone.Deploy.0 = Release|Any CPU
		{2D4F03BD-1584-4E87-AA13-05E8001F274C}.Release|iPhoneSimulator.ActiveCfg = Release|Any CPU
		{2D4F03BD-1584-4E87-AA13-05E8001F274C}.Release|iPhoneSimulator.Build.0 = Release|Any CPU
		{2D4F03BD-1584-4E87-AA13-05E8001F274C}.Release|iPhoneSimulator.Deploy.0 = Release|Any CPU
		{BF196504-799E-40C6-8C08-3B1B440F6D1F}.Debug|Any CPU.ActiveCfg = Debug|iPhone
		{BF196504-799E-40C6-8C08-3B1B440F6D1F}.Debug|Any CPU.Build.0 = Debug|iPhone
		{BF196504-799E-40C6-8C08-3B1B440F6D1F}.Debug|Any CPU.Deploy.0 = Debug|iPhone
		{BF196504-799E-40C6-8C08-3B1B440F6D1F}.Debug|iPhone.ActiveCfg = Debug|iPhone
		{BF196504-799E-40C6-8C08-3B1B440F6D1F}.Debug|iPhone.Build.0 = Debug|iPhone
		{BF196504-799E-40C6-8C08-3B1B440F6D1F}.Debug|iPhone.Deploy.0 = Debug|iPhone
		{BF196504-799E-40C6-8C08-3B1B440F6D1F}.Debug|iPhoneSimulator.ActiveCfg = Debug|iPhoneSimulator
		{BF196504-799E-40C6-8C08-3B1B440F6D1F}.Debug|iPhoneSimulator.Build.0 = Debug|iPhoneSimulator
		{BF196504-799E-40C6-8C08-3B1B440F6D1F}.Debug|iPhoneSimulator.Deploy.0 = Debug|iPhoneSimulator
		{BF196504-799E-40C6-8C08-3B1B440F6D1F}.Release|Any CPU.ActiveCfg = Release|iPhone
		{BF196504-799E-40C6-8C08-3B1B440F6D1F}.Release|Any CPU.Build.0 = Release|iPhone
		{BF196504-799E-40C6-8C08-3B1B440F6D1F}.Release|Any CPU.Deploy.0 = Release|iPhone
		{BF196504-799E-40C6-8C08-3B1B440F6D1F}.Release|iPhone.ActiveCfg = Release|iPhone
		{BF196504-799E-40C6-8C08-3B1B440F6D1F}.Release|iPhone.Build.0 = Release|iPhone
		{BF196504-799E-40C6-8C08-3B1B440F6D1F}.Release|iPhone.Deploy.0 = Release|iPhone
		{BF196504-799E-40C6-8C08-3B1B440F6D1F}.Release|iPhoneSimulator.ActiveCfg = Release|iPhoneSimulator
		{BF196504-799E-40C6-8C08-3B1B440F6D1F}.Release|iPhoneSimulator.Build.0 = Release|iPhoneSimulator
		{BF196504-799E-40C6-8C08-3B1B440F6D1F}.Release|iPhoneSimulator.Deploy.0 = Release|iPhoneSimulator
		{9C04BCA0-A8C9-46E2-B123-A879D2D779C9}.Debug|Any CPU.ActiveCfg = Debug|Any CPU
		{9C04BCA0-A8C9-46E2-B123-A879D2D779C9}.Debug|Any CPU.Build.0 = Debug|Any CPU
		{9C04BCA0-A8C9-46E2-B123-A879D2D779C9}.Debug|Any CPU.Deploy.0 = Debug|Any CPU
		{9C04BCA0-A8C9-46E2-B123-A879D2D779C9}.Debug|iPhone.ActiveCfg = Debug|Any CPU
		{9C04BCA0-A8C9-46E2-B123-A879D2D779C9}.Debug|iPhone.Build.0 = Debug|Any CPU
		{9C04BCA0-A8C9-46E2-B123-A879D2D779C9}.Debug|iPhone.Deploy.0 = Debug|Any CPU
		{9C04BCA0-A8C9-46E2-B123-A879D2D779C9}.Debug|iPhoneSimulator.ActiveCfg = Debug|Any CPU
		{9C04BCA0-A8C9-46E2-B123-A879D2D779C9}.Debug|iPhoneSimulator.Build.0 = Debug|Any CPU
		{9C04BCA0-A8C9-46E2-B123-A879D2D779C9}.Debug|iPhoneSimulator.Deploy.0 = Debug|Any CPU
		{9C04BCA0-A8C9-46E2-B123-A879D2D779C9}.Release|Any CPU.ActiveCfg = Release|Any CPU
		{9C04BCA0-A8C9-46E2-B123-A879D2D779C9}.Release|Any CPU.Build.0 = Release|Any CPU
		{9C04BCA0-A8C9-46E2-B123-A879D2D779C9}.Release|Any CPU.Deploy.0 = Release|Any CPU
		{9C04BCA0-A8C9-46E2-B123-A879D2D779C9}.Release|iPhone.ActiveCfg = Release|Any CPU
		{9C04BCA0-A8C9-46E2-B123-A879D2D779C9}.Release|iPhone.Build.0 = Release|Any CPU
		{9C04BCA0-A8C9-46E2-B123-A879D2D779C9}.Release|iPhone.Deploy.0 = Release|Any CPU
		{9C04BCA0-A8C9-46E2-B123-A879D2D779C9}.Release|iPhoneSimulator.ActiveCfg = Release|Any CPU
		{9C04BCA0-A8C9-46E2-B123-A879D2D779C9}.Release|iPhoneSimulator.Build.0 = Release|Any CPU
		{9C04BCA0-A8C9-46E2-B123-A879D2D779C9}.Release|iPhoneSimulator.Deploy.0 = Release|Any CPU
	EndGlobalSection
	GlobalSection(SolutionProperties) = preSolution
		HideSolutionNode = FALSE
	EndGlobalSection
	GlobalSection(ExtensibilityGlobals) = postSolution
		SolutionGuid = {2741D102-E10D-45D3-AD13-E135EFD872F5}
	EndGlobalSection
EndGlobal
